
Microsoft Visual Studio Solution File, Format Version 12.00
# Visual Studio Version 17
VisualStudioVersion = 17.7.34003.232
MinimumVisualStudioVersion = 10.0.40219.1
Project("{FAE04EC0-301F-11D3-BF4B-00C04F79EFBC}") = "ExodiaPrototype", "ExodiaPrototype\ExodiaPrototype.csproj", "{F645B5F8-5C54-4A2C-A66A-C2C70BAE0934}"
EndProject
Global
	GlobalSection(SolutionConfigurationPlatforms) = preSolution
		Debug|Any CPU = Debug|Any CPU
		Release|Any CPU = Release|Any CPU
	EndGlobalSection
	GlobalSection(ProjectConfigurationPlatforms) = postSolution
		{F645B5F8-5C54-4A2C-A66A-C2C70BAE0934}.Debug|Any CPU.ActiveCfg = Debug|Any CPU
		{F645B5F8-5C54-4A2C-A66A-C2C70BAE0934}.Debug|Any CPU.Build.0 = Debug|Any CPU
		{F645B5F8-5C54-4A2C-A66A-C2C70BAE0934}.Release|Any CPU.ActiveCfg = Release|Any CPU
		{F645B5F8-5C54-4A2C-A66A-C2C70BAE0934}.Release|Any CPU.Build.0 = Release|Any CPU
	EndGlobalSection
	GlobalSection(SolutionProperties) = preSolution
		HideSolutionNode = FALSE
	EndGlobalSection
	GlobalSection(ExtensibilityGlobals) = postSolution
		SolutionGuid = {25B591A6-DD11-4CF5-891A-227F1193EA74}
	EndGlobalSection
EndGlobal
